<?xml version="1.0" encoding="utf-8"?>
<Project ToolsVersion="4.0" xmlns="http://schemas.microsoft.com/developer/msbuild/2003">
  <ItemGroup>
    <ClCompile Include="src\source.cpp">
      <Filter>src</Filter>
    </ClCompile>
    <ClCompile Include="test\test_simple.cpp">
      <Filter>test</Filter>
    </ClCompile>
    <ClCompile Include="test\test_basic_pow.cpp">
      <Filter>test</Filter>
    </ClCompile>
    <ClCompile Include="test\test_basic_factorial.cpp">
      <Filter>test</Filter>
    </ClCompile>
    <ClCompile Include="test\test_basic_binomial.cpp">
      <Filter>test</Filter>
    </ClCompile>
    <ClCompile Include="test\test_basic_exp.cpp">
      <Filter>test</Filter>
    </ClCompile>
  </ItemGroup>
  <ItemGroup>
    <Filter Include="test">
      <UniqueIdentifier>{47d717cb-9821-4e45-b0f9-33c27914acdc}</UniqueIdentifier>
    </Filter>
    <Filter Include="src">
      <UniqueIdentifier>{8e007a1c-5f4e-4944-ba75-8a37804f8bf7}</UniqueIdentifier>
    </Filter>
    <Filter Include="include">
      <UniqueIdentifier>{28be94ac-c531-4805-a684-33183292e81f}</UniqueIdentifier>
    </Filter>
  </ItemGroup>
  <ItemGroup>
    <ClInclude Include="include\basic.h">
      <Filter>include</Filter>
    </ClInclude>
    <ClInclude Include="test\test_helper.hpp">
      <Filter>test</Filter>
    </ClInclude>
  </ItemGroup>
</Project>